
Microsoft Visual Studio Solution File, Format Version 12.00
# Visual Studio 14
VisualStudioVersion = 14.0.24720.0
MinimumVisualStudioVersion = 10.0.40219.1
Project("{FAE04EC0-301F-11D3-BF4B-00C04F79EFBC}") = "LinqpadServer", "LinqpadServer\LinqpadServer.csproj", "{F9832D3D-A3FD-437F-ACDD-827E87566013}"
EndProject
Project("{FAE04EC0-301F-11D3-BF4B-00C04F79EFBC}") = "LinqpadServer.Tests", "LinqpadServer.Tests\LinqpadServer.Tests.csproj", "{6093F2B9-5A9D-402A-8041-5F115972DC28}"
EndProject
Project("{FAE04EC0-301F-11D3-BF4B-00C04F79EFBC}") = "LinqpadServer.WebApi", "LinqpadServer.WebApi\LinqpadServer.WebApi.csproj", "{9FF77ADA-D1B6-46F1-BB02-A495A82587A8}"
EndProject
Global
	GlobalSection(SolutionConfigurationPlatforms) = preSolution
		Debug|Any CPU = Debug|Any CPU
		Release|Any CPU = Release|Any CPU
	EndGlobalSection
	GlobalSection(ProjectConfigurationPlatforms) = postSolution
		{F9832D3D-A3FD-437F-ACDD-827E87566013}.Debug|Any CPU.ActiveCfg = Debug|Any CPU
		{F9832D3D-A3FD-437F-ACDD-827E87566013}.Debug|Any CPU.Build.0 = Debug|Any CPU
		{F9832D3D-A3FD-437F-ACDD-827E87566013}.Release|Any CPU.ActiveCfg = Release|Any CPU
		{F9832D3D-A3FD-437F-ACDD-827E87566013}.Release|Any CPU.Build.0 = Release|Any CPU
		{6093F2B9-5A9D-402A-8041-5F115972DC28}.Debug|Any CPU.ActiveCfg = Debug|Any CPU
		{6093F2B9-5A9D-402A-8041-5F115972DC28}.Debug|Any CPU.Build.0 = Debug|Any CPU
		{6093F2B9-5A9D-402A-8041-5F115972DC28}.Release|Any CPU.ActiveCfg = Release|Any CPU
		{6093F2B9-5A9D-402A-8041-5F115972DC28}.Release|Any CPU.Build.0 = Release|Any CPU
		{9FF77ADA-D1B6-46F1-BB02-A495A82587A8}.Debug|Any CPU.ActiveCfg = Debug|Any CPU
		{9FF77ADA-D1B6-46F1-BB02-A495A82587A8}.Debug|Any CPU.Build.0 = Debug|Any CPU
		{9FF77ADA-D1B6-46F1-BB02-A495A82587A8}.Release|Any CPU.ActiveCfg = Release|Any CPU
		{9FF77ADA-D1B6-46F1-BB02-A495A82587A8}.Release|Any CPU.Build.0 = Release|Any CPU
	EndGlobalSection
	GlobalSection(SolutionProperties) = preSolution
		HideSolutionNode = FALSE
	EndGlobalSection
EndGlobal
